
Microsoft Visual Studio Solution File, Format Version 12.00
# Visual Studio Version 16
VisualStudioVersion = 16.0.32126.315
MinimumVisualStudioVersion = 10.0.40219.1
Project("{FAE04EC0-301F-11D3-BF4B-00C04F79EFBC}") = "eTickets", "eTickets\eTickets.csproj", "{B724C578-6EEC-44E3-9E49-46A5E72571D2}"
EndProject
Global
	GlobalSection(SolutionConfigurationPlatforms) = preSolution
		Debug|Any CPU = Debug|Any CPU
		Release|Any CPU = Release|Any CPU
	EndGlobalSection
	GlobalSection(ProjectConfigurationPlatforms) = postSolution
		{B724C578-6EEC-44E3-9E49-46A5E72571D2}.Debug|Any CPU.ActiveCfg = Debug|Any CPU
		{B724C578-6EEC-44E3-9E49-46A5E72571D2}.Debug|Any CPU.Build.0 = Debug|Any CPU
		{B724C578-6EEC-44E3-9E49-46A5E72571D2}.Release|Any CPU.ActiveCfg = Release|Any CPU
		{B724C578-6EEC-44E3-9E49-46A5E72571D2}.Release|Any CPU.Build.0 = Release|Any CPU
	EndGlobalSection
	GlobalSection(SolutionProperties) = preSolution
		HideSolutionNode = FALSE
	EndGlobalSection
	GlobalSection(ExtensibilityGlobals) = postSolution
		SolutionGuid = {B95B05FE-EAA3-4F74-B600-ECC2552F7AAF}
	EndGlobalSection
EndGlobal
